
Microsoft Visual Studio Solution File, Format Version 12.00
# Visual Studio 15
VisualStudioVersion = 15.0.28307.705
MinimumVisualStudioVersion = 10.0.40219.1
Project("{FAE04EC0-301F-11D3-BF4B-00C04F79EFBC}") = "Corey-Cerner-Client", "Corey-Cerner-Client\Corey-Cerner-Client.csproj", "{76BD2FBC-3B4F-4902-9146-28538AC61F1D}"
EndProject
Global
	GlobalSection(SolutionConfigurationPlatforms) = preSolution
		Debug|Any CPU = Debug|Any CPU
		Release|Any CPU = Release|Any CPU
	EndGlobalSection
	GlobalSection(ProjectConfigurationPlatforms) = postSolution
		{76BD2FBC-3B4F-4902-9146-28538AC61F1D}.Debug|Any CPU.ActiveCfg = Debug|Any CPU
		{76BD2FBC-3B4F-4902-9146-28538AC61F1D}.Debug|Any CPU.Build.0 = Debug|Any CPU
		{76BD2FBC-3B4F-4902-9146-28538AC61F1D}.Release|Any CPU.ActiveCfg = Release|Any CPU
		{76BD2FBC-3B4F-4902-9146-28538AC61F1D}.Release|Any CPU.Build.0 = Release|Any CPU
	EndGlobalSection
	GlobalSection(SolutionProperties) = preSolution
		HideSolutionNode = FALSE
	EndGlobalSection
	GlobalSection(ExtensibilityGlobals) = postSolution
		SolutionGuid = {37FC49BA-FD5A-4DA8-AA77-D8D89B5F62F8}
	EndGlobalSection
EndGlobal
